
Microsoft Visual Studio Solution File, Format Version 12.00
# Visual Studio Version 17
VisualStudioVersion = 17.5.33502.453
MinimumVisualStudioVersion = 10.0.40219.1
Project("{FAE04EC0-301F-11D3-BF4B-00C04F79EFBC}") = "GestionMatériel", "GestionMatériel\GestionMatériel.csproj", "{6E7D84B6-F1E5-49A5-BEE1-350C3AE89FC1}"
EndProject
Global
	GlobalSection(SolutionConfigurationPlatforms) = preSolution
		Debug|Any CPU = Debug|Any CPU
		Release|Any CPU = Release|Any CPU
	EndGlobalSection
	GlobalSection(ProjectConfigurationPlatforms) = postSolution
		{6E7D84B6-F1E5-49A5-BEE1-350C3AE89FC1}.Debug|Any CPU.ActiveCfg = Debug|Any CPU
		{6E7D84B6-F1E5-49A5-BEE1-350C3AE89FC1}.Debug|Any CPU.Build.0 = Debug|Any CPU
		{6E7D84B6-F1E5-49A5-BEE1-350C3AE89FC1}.Release|Any CPU.ActiveCfg = Release|Any CPU
		{6E7D84B6-F1E5-49A5-BEE1-350C3AE89FC1}.Release|Any CPU.Build.0 = Release|Any CPU
	EndGlobalSection
	GlobalSection(SolutionProperties) = preSolution
		HideSolutionNode = FALSE
	EndGlobalSection
	GlobalSection(ExtensibilityGlobals) = postSolution
		SolutionGuid = {54137DC7-08E6-4C43-9298-47BD25021C90}
	EndGlobalSection
EndGlobal
